
Microsoft Visual Studio Solution File, Format Version 12.00
# Visual Studio Version 17
VisualStudioVersion = 17.1.32210.238
MinimumVisualStudioVersion = 10.0.40219.1
Project("{FAE04EC0-301F-11D3-BF4B-00C04F79EFBC}") = "Lab4", "Lab4\Lab4.csproj", "{D4FBCA61-4643-4FF8-A5FD-FE43260F3557}"
EndProject
Global
	GlobalSection(SolutionConfigurationPlatforms) = preSolution
		Debug|Any CPU = Debug|Any CPU
		Release|Any CPU = Release|Any CPU
	EndGlobalSection
	GlobalSection(ProjectConfigurationPlatforms) = postSolution
		{D4FBCA61-4643-4FF8-A5FD-FE43260F3557}.Debug|Any CPU.ActiveCfg = Debug|Any CPU
		{D4FBCA61-4643-4FF8-A5FD-FE43260F3557}.Debug|Any CPU.Build.0 = Debug|Any CPU
		{D4FBCA61-4643-4FF8-A5FD-FE43260F3557}.Release|Any CPU.ActiveCfg = Release|Any CPU
		{D4FBCA61-4643-4FF8-A5FD-FE43260F3557}.Release|Any CPU.Build.0 = Release|Any CPU
	EndGlobalSection
	GlobalSection(SolutionProperties) = preSolution
		HideSolutionNode = FALSE
	EndGlobalSection
	GlobalSection(ExtensibilityGlobals) = postSolution
		SolutionGuid = {C4F1377E-8754-49D1-A356-7F7FFE2CDFFE}
	EndGlobalSection
EndGlobal
